{
  "name": "hello2",
  "version": "1.0.0",
  "lockfileVersion": 3,
  "requires": true,
  "packages": {
    "": {
      "name": "hello2",
      "version": "1.0.0",
      "license": "ISC",
      "dependencies": {
        "hello-npm": "github:tyl569/hello-npm"
      }
    },
    "node_modules/hello-npm": {
      "version": "1.0.0",
      "resolved": "git+ssh://git@github.com/tyl569/hello-npm.git#079bcacc23a618250b917073af08f20c5a27723e",
      "license": "ISC"
    }
  }
}
